
Microsoft Visual Studio Solution File, Format Version 12.00
# Visual Studio Version 17
VisualStudioVersion = 17.0.31717.71
MinimumVisualStudioVersion = 10.0.40219.1
Project("{FAE04EC0-301F-11D3-BF4B-00C04F79EFBC}") = "VkGroupImageParser", "VkGroupImageParser.csproj", "{CABF3F78-6E31-47FC-907C-FD93010FC6BD}"
EndProject
Global
	GlobalSection(SolutionConfigurationPlatforms) = preSolution
		Debug|Any CPU = Debug|Any CPU
		Release|Any CPU = Release|Any CPU
	EndGlobalSection
	GlobalSection(ProjectConfigurationPlatforms) = postSolution
		{CABF3F78-6E31-47FC-907C-FD93010FC6BD}.Debug|Any CPU.ActiveCfg = Debug|Any CPU
		{CABF3F78-6E31-47FC-907C-FD93010FC6BD}.Debug|Any CPU.Build.0 = Debug|Any CPU
		{CABF3F78-6E31-47FC-907C-FD93010FC6BD}.Release|Any CPU.ActiveCfg = Release|Any CPU
		{CABF3F78-6E31-47FC-907C-FD93010FC6BD}.Release|Any CPU.Build.0 = Release|Any CPU
	EndGlobalSection
	GlobalSection(SolutionProperties) = preSolution
		HideSolutionNode = FALSE
	EndGlobalSection
	GlobalSection(ExtensibilityGlobals) = postSolution
		SolutionGuid = {6506F8F8-8E48-4561-AFB7-53C7C0E61F3D}
	EndGlobalSection
EndGlobal
